
Microsoft Visual Studio Solution File, Format Version 11.00
# Visual Studio 2010
Project("{FAE04EC0-301F-11D3-BF4B-00C04F79EFBC}") = "BubbasEngine", "BubbasEngine\BubbasEngine.csproj", "{39989CE8-750C-48BA-88F6-EEC39C0C1BBC}"
EndProject
Project("{FAE04EC0-301F-11D3-BF4B-00C04F79EFBC}") = "ExampleGame", "ExampleGame\ExampleGame.csproj", "{66D4E22D-6F9B-4B84-BCB6-2F719F175E2E}"
EndProject
Global
	GlobalSection(SolutionConfigurationPlatforms) = preSolution
		Debug|Any CPU = Debug|Any CPU
		Debug|Mixed Platforms = Debug|Mixed Platforms
		Debug|x64 = Debug|x64
		Debug|x86 = Debug|x86
		Release|Any CPU = Release|Any CPU
		Release|Mixed Platforms = Release|Mixed Platforms
		Release|x64 = Release|x64
		Release|x86 = Release|x86
	EndGlobalSection
	GlobalSection(ProjectConfigurationPlatforms) = postSolution
		{39989CE8-750C-48BA-88F6-EEC39C0C1BBC}.Debug|Any CPU.ActiveCfg = Debug|Any CPU
		{39989CE8-750C-48BA-88F6-EEC39C0C1BBC}.Debug|Any CPU.Build.0 = Debug|Any CPU
		{39989CE8-750C-48BA-88F6-EEC39C0C1BBC}.Debug|Mixed Platforms.ActiveCfg = Debug|Any CPU
		{39989CE8-750C-48BA-88F6-EEC39C0C1BBC}.Debug|Mixed Platforms.Build.0 = Debug|Any CPU
		{39989CE8-750C-48BA-88F6-EEC39C0C1BBC}.Debug|x64.ActiveCfg = Debug|Any CPU
		{39989CE8-750C-48BA-88F6-EEC39C0C1BBC}.Debug|x86.ActiveCfg = Debug|Any CPU
		{39989CE8-750C-48BA-88F6-EEC39C0C1BBC}.Release|Any CPU.ActiveCfg = Release|Any CPU
		{39989CE8-750C-48BA-88F6-EEC39C0C1BBC}.Release|Any CPU.Build.0 = Release|Any CPU
		{39989CE8-750C-48BA-88F6-EEC39C0C1BBC}.Release|Mixed Platforms.ActiveCfg = Release|Any CPU
		{39989CE8-750C-48BA-88F6-EEC39C0C1BBC}.Release|Mixed Platforms.Build.0 = Release|Any CPU
		{39989CE8-750C-48BA-88F6-EEC39C0C1BBC}.Release|x64.ActiveCfg = Release|Any CPU
		{39989CE8-750C-48BA-88F6-EEC39C0C1BBC}.Release|x86.ActiveCfg = Release|Any CPU
		{66D4E22D-6F9B-4B84-BCB6-2F719F175E2E}.Debug|Any CPU.ActiveCfg = Debug|x86
		{66D4E22D-6F9B-4B84-BCB6-2F719F175E2E}.Debug|Mixed Platforms.ActiveCfg = Debug|x86
		{66D4E22D-6F9B-4B84-BCB6-2F719F175E2E}.Debug|Mixed Platforms.Build.0 = Debug|x86
		{66D4E22D-6F9B-4B84-BCB6-2F719F175E2E}.Debug|x64.ActiveCfg = Debug|x86
		{66D4E22D-6F9B-4B84-BCB6-2F719F175E2E}.Debug|x86.ActiveCfg = Debug|x86
		{66D4E22D-6F9B-4B84-BCB6-2F719F175E2E}.Debug|x86.Build.0 = Debug|x86
		{66D4E22D-6F9B-4B84-BCB6-2F719F175E2E}.Release|Any CPU.ActiveCfg = Release|x86
		{66D4E22D-6F9B-4B84-BCB6-2F719F175E2E}.Release|Mixed Platforms.ActiveCfg = Release|x86
		{66D4E22D-6F9B-4B84-BCB6-2F719F175E2E}.Release|Mixed Platforms.Build.0 = Release|x86
		{66D4E22D-6F9B-4B84-BCB6-2F719F175E2E}.Release|x64.ActiveCfg = Release|x86
		{66D4E22D-6F9B-4B84-BCB6-2F719F175E2E}.Release|x86.ActiveCfg = Release|x86
		{66D4E22D-6F9B-4B84-BCB6-2F719F175E2E}.Release|x86.Build.0 = Release|x86
	EndGlobalSection
	GlobalSection(SolutionProperties) = preSolution
		HideSolutionNode = FALSE
	EndGlobalSection
EndGlobal
